
Microsoft Visual Studio Solution File, Format Version 12.00
# Visual Studio Version 17
VisualStudioVersion = 17.8.34408.163
MinimumVisualStudioVersion = 10.0.40219.1
Project("{FAE04EC0-301F-11D3-BF4B-00C04F79EFBC}") = "MvcMovie", "MvcMovie\MvcMovie.csproj", "{C94D3D24-BE6F-4274-AB48-36BE17D2CC05}"
EndProject
Global
	GlobalSection(SolutionConfigurationPlatforms) = preSolution
		Debug|Any CPU = Debug|Any CPU
		Release|Any CPU = Release|Any CPU
	EndGlobalSection
	GlobalSection(ProjectConfigurationPlatforms) = postSolution
		{C94D3D24-BE6F-4274-AB48-36BE17D2CC05}.Debug|Any CPU.ActiveCfg = Debug|Any CPU
		{C94D3D24-BE6F-4274-AB48-36BE17D2CC05}.Debug|Any CPU.Build.0 = Debug|Any CPU
		{C94D3D24-BE6F-4274-AB48-36BE17D2CC05}.Release|Any CPU.ActiveCfg = Release|Any CPU
		{C94D3D24-BE6F-4274-AB48-36BE17D2CC05}.Release|Any CPU.Build.0 = Release|Any CPU
	EndGlobalSection
	GlobalSection(SolutionProperties) = preSolution
		HideSolutionNode = FALSE
	EndGlobalSection
	GlobalSection(ExtensibilityGlobals) = postSolution
		SolutionGuid = {03400B07-A4CD-4496-96C4-4CE7B375F902}
	EndGlobalSection
EndGlobal
